
Microsoft Visual Studio Solution File, Format Version 12.00
# Visual Studio Version 17
VisualStudioVersion = 17.0.31903.59
MinimumVisualStudioVersion = 10.0.40219.1
Project("{2150E333-8FDC-42A3-9474-1A3956D46DE8}") = "Solution Items", "Solution Items", "{9E356462-FDF9-4AF7-A596-7911DCEE8CAF}"
	ProjectSection(SolutionItems) = preProject
		README.md = README.md
		.gitignore = .gitignore
	EndProjectSection
EndProject
Project("{FAE04EC0-301F-11D3-BF4B-00C04F79EFBC}") = "BYX.Core", "BYX.Core\BYX.Core.csproj", "{C02500B1-C9E1-4575-876A-E74C02F2C726}"
EndProject
Project("{FAE04EC0-301F-11D3-BF4B-00C04F79EFBC}") = "BYX.Core.Tests", "BYX.Core.Tests\BYX.Core.Tests.csproj", "{AA1A7C6E-156B-4B8C-97D1-9AD916C61F08}"
EndProject
Project("{FAE04EC0-301F-11D3-BF4B-00C04F79EFBC}") = "BYX.Files", "BYX.Files\BYX.Files.csproj", "{B64C8A51-5A8E-47C8-89AE-B13836492202}"
EndProject
Project("{FAE04EC0-301F-11D3-BF4B-00C04F79EFBC}") = "BYX.Files.Tests", "BYX.Files.Tests\BYX.Files.Tests.csproj", "{E62EA168-1914-484B-B596-1CEC7D80BF50}"
EndProject
Global
	GlobalSection(SolutionConfigurationPlatforms) = preSolution
		Debug|Any CPU = Debug|Any CPU
		Release|Any CPU = Release|Any CPU
	EndGlobalSection
	GlobalSection(SolutionProperties) = preSolution
		HideSolutionNode = FALSE
	EndGlobalSection
	GlobalSection(ProjectConfigurationPlatforms) = postSolution
		{C02500B1-C9E1-4575-876A-E74C02F2C726}.Debug|Any CPU.ActiveCfg = Debug|Any CPU
		{C02500B1-C9E1-4575-876A-E74C02F2C726}.Debug|Any CPU.Build.0 = Debug|Any CPU
		{C02500B1-C9E1-4575-876A-E74C02F2C726}.Release|Any CPU.ActiveCfg = Release|Any CPU
		{C02500B1-C9E1-4575-876A-E74C02F2C726}.Release|Any CPU.Build.0 = Release|Any CPU
		{AA1A7C6E-156B-4B8C-97D1-9AD916C61F08}.Debug|Any CPU.ActiveCfg = Debug|Any CPU
		{AA1A7C6E-156B-4B8C-97D1-9AD916C61F08}.Debug|Any CPU.Build.0 = Debug|Any CPU
		{AA1A7C6E-156B-4B8C-97D1-9AD916C61F08}.Release|Any CPU.ActiveCfg = Release|Any CPU
		{AA1A7C6E-156B-4B8C-97D1-9AD916C61F08}.Release|Any CPU.Build.0 = Release|Any CPU
		{B64C8A51-5A8E-47C8-89AE-B13836492202}.Debug|Any CPU.ActiveCfg = Debug|Any CPU
		{B64C8A51-5A8E-47C8-89AE-B13836492202}.Debug|Any CPU.Build.0 = Debug|Any CPU
		{B64C8A51-5A8E-47C8-89AE-B13836492202}.Release|Any CPU.ActiveCfg = Release|Any CPU
		{B64C8A51-5A8E-47C8-89AE-B13836492202}.Release|Any CPU.Build.0 = Release|Any CPU
		{E62EA168-1914-484B-B596-1CEC7D80BF50}.Debug|Any CPU.ActiveCfg = Debug|Any CPU
		{E62EA168-1914-484B-B596-1CEC7D80BF50}.Debug|Any CPU.Build.0 = Debug|Any CPU
		{E62EA168-1914-484B-B596-1CEC7D80BF50}.Release|Any CPU.ActiveCfg = Release|Any CPU
		{E62EA168-1914-484B-B596-1CEC7D80BF50}.Release|Any CPU.Build.0 = Release|Any CPU
	EndGlobalSection
EndGlobal
